// !$*UTF8*$!
{
	archiveVersion = 1;
	classes = {
	};
	objectVersion = 50;
	objects = {

/* Begin PBXBuildFile section */
		F93A74532281828500003D92 /* MovieCatalogTests.swift in Sources */ = {isa = PBXBuildFile; fileRef = F93A74522281828500003D92 /* MovieCatalogTests.swift */; };
		F93A745E2281828500003D92 /* MovieCatalogUITests.swift in Sources */ = {isa = PBXBuildFile; fileRef = F93A745D2281828500003D92 /* MovieCatalogUITests.swift */; };
		F93A747D228183C300003D92 /* Assets.xcassets in Resources */ = {isa = PBXBuildFile; fileRef = F93A746C228183C300003D92 /* Assets.xcassets */; };
		F93A747E228183C300003D92 /* AppDelegate.swift in Sources */ = {isa = PBXBuildFile; fileRef = F93A746D228183C300003D92 /* AppDelegate.swift */; };
		F93A747F228183C300003D92 /* Info.plist in Resources */ = {isa = PBXBuildFile; fileRef = F93A746E228183C300003D92 /* Info.plist */; };
		F93A7480228183C300003D92 /* WebServiceManager.swift in Sources */ = {isa = PBXBuildFile; fileRef = F93A7470228183C300003D92 /* WebServiceManager.swift */; };
		F93A7481228183C300003D92 /* UIImageView+loadImageUsingUrl.swift in Sources */ = {isa = PBXBuildFile; fileRef = F93A7471228183C300003D92 /* UIImageView+loadImageUsingUrl.swift */; };
		F93A7482228183C300003D92 /* String+HTMLStringConversion.swift in Sources */ = {isa = PBXBuildFile; fileRef = F93A7472228183C300003D92 /* String+HTMLStringConversion.swift */; };
		F93A7483228183C300003D92 /* ViewController.swift in Sources */ = {isa = PBXBuildFile; fileRef = F93A7474228183C300003D92 /* ViewController.swift */; };
		F93A7484228183C300003D92 /* MovieCatalogViewController.swift in Sources */ = {isa = PBXBuildFile; fileRef = F93A7475228183C300003D92 /* MovieCatalogViewController.swift */; };
		F93A7485228183C300003D92 /* MovieCatalogTableViewCell.swift in Sources */ = {isa = PBXBuildFile; fileRef = F93A7477228183C300003D92 /* MovieCatalogTableViewCell.swift */; };
		F93A7486228183C300003D92 /* MovieCatalogTableViewCell.xib in Resources */ = {isa = PBXBuildFile; fileRef = F93A7478228183C300003D92 /* MovieCatalogTableViewCell.xib */; };
		F93A7487228183C300003D92 /* LaunchScreen.storyboard in Resources */ = {isa = PBXBuildFile; fileRef = F93A7479228183C300003D92 /* LaunchScreen.storyboard */; };
		F93A7488228183C300003D92 /* Main.storyboard in Resources */ = {isa = PBXBuildFile; fileRef = F93A747B228183C300003D92 /* Main.storyboard */; };
/* End PBXBuildFile section */

/* Begin PBXContainerItemProxy section */
		F93A744F2281828500003D92 /* PBXContainerItemProxy */ = {
			isa = PBXContainerItemProxy;
			containerPortal = F93A74322281827C00003D92 /* Project object */;
			proxyType = 1;
			remoteGlobalIDString = F93A74392281827C00003D92;
			remoteInfo = MovieCatalog;
		};
		F93A745A2281828500003D92 /* PBXContainerItemProxy */ = {
			isa = PBXContainerItemProxy;
			containerPortal = F93A74322281827C00003D92 /* Project object */;
			proxyType = 1;
			remoteGlobalIDString = F93A74392281827C00003D92;
			remoteInfo = MovieCatalog;
		};
/* End PBXContainerItemProxy section */

/* Begin PBXFileReference section */
		F93A743A2281827C00003D92 /* MovieCatalog.app */ = {isa = PBXFileReference; explicitFileType = wrapper.application; includeInIndex = 0; path = MovieCatalog.app; sourceTree = BUILT_PRODUCTS_DIR; };
		F93A744E2281828500003D92 /* MovieCatalogTests.xctest */ = {isa = PBXFileReference; explicitFileType = wrapper.cfbundle; includeInIndex = 0; path = MovieCatalogTests.xctest; sourceTree = BUILT_PRODUCTS_DIR; };
		F93A74522281828500003D92 /* MovieCatalogTests.swift */ = {isa = PBXFileReference; lastKnownFileType = sourcecode.swift; path = MovieCatalogTests.swift; sourceTree = "<group>"; };
		F93A74542281828500003D92 /* Info.plist */ = {isa = PBXFileReference; lastKnownFileType = text.plist.xml; path = Info.plist; sourceTree = "<group>"; };
		F93A74592281828500003D92 /* MovieCatalogUITests.xctest */ = {isa = PBXFileReference; explicitFileType = wrapper.cfbundle; includeInIndex = 0; path = MovieCatalogUITests.xctest; sourceTree = BUILT_PRODUCTS_DIR; };
		F93A745D2281828500003D92 /* MovieCatalogUITests.swift */ = {isa = PBXFileReference; lastKnownFileType = sourcecode.swift; path = MovieCatalogUITests.swift; sourceTree = "<group>"; };
		F93A745F2281828500003D92 /* Info.plist */ = {isa = PBXFileReference; lastKnownFileType = text.plist.xml; path = Info.plist; sourceTree = "<group>"; };
		F93A746C228183C300003D92 /* Assets.xcassets */ = {isa = PBXFileReference; lastKnownFileType = folder.assetcatalog; path = Assets.xcassets; sourceTree = "<group>"; };
		F93A746D228183C300003D92 /* AppDelegate.swift */ = {isa = PBXFileReference; fileEncoding = 4; lastKnownFileType = sourcecode.swift; path = AppDelegate.swift; sourceTree = "<group>"; };
		F93A746E228183C300003D92 /* Info.plist */ = {isa = PBXFileReference; fileEncoding = 4; lastKnownFileType = text.plist.xml; path = Info.plist; sourceTree = "<group>"; };
		F93A7470228183C300003D92 /* WebServiceManager.swift */ = {isa = PBXFileReference; fileEncoding = 4; lastKnownFileType = sourcecode.swift; path = WebServiceManager.swift; sourceTree = "<group>"; };
		F93A7471228183C300003D92 /* UIImageView+loadImageUsingUrl.swift */ = {isa = PBXFileReference; fileEncoding = 4; lastKnownFileType = sourcecode.swift; path = "UIImageView+loadImageUsingUrl.swift"; sourceTree = "<group>"; };
		F93A7472228183C300003D92 /* String+HTMLStringConversion.swift */ = {isa = PBXFileReference; fileEncoding = 4; lastKnownFileType = sourcecode.swift; path = "String+HTMLStringConversion.swift"; sourceTree = "<group>"; };
		F93A7474228183C300003D92 /* ViewController.swift */ = {isa = PBXFileReference; fileEncoding = 4; lastKnownFileType = sourcecode.swift; path = ViewController.swift; sourceTree = "<group>"; };
		F93A7475228183C300003D92 /* MovieCatalogViewController.swift */ = {isa = PBXFileReference; fileEncoding = 4; lastKnownFileType = sourcecode.swift; path = MovieCatalogViewController.swift; sourceTree = "<group>"; };
		F93A7477228183C300003D92 /* MovieCatalogTableViewCell.swift */ = {isa = PBXFileReference; fileEncoding = 4; lastKnownFileType = sourcecode.swift; path = MovieCatalogTableViewCell.swift; sourceTree = "<group>"; };
		F93A7478228183C300003D92 /* MovieCatalogTableViewCell.xib */ = {isa = PBXFileReference; fileEncoding = 4; lastKnownFileType = file.xib; path = MovieCatalogTableViewCell.xib; sourceTree = "<group>"; };
		F93A747A228183C300003D92 /* Base */ = {isa = PBXFileReference; lastKnownFileType = file.storyboard; name = Base; path = Base.lproj/LaunchScreen.storyboard; sourceTree = "<group>"; };
		F93A747C228183C300003D92 /* Base */ = {isa = PBXFileReference; lastKnownFileType = file.storyboard; name = Base; path = Base.lproj/Main.storyboard; sourceTree = "<group>"; };
/* End PBXFileReference section */

/* Begin PBXFrameworksBuildPhase section */
		F93A74372281827C00003D92 /* Frameworks */ = {
			isa = PBXFrameworksBuildPhase;
			buildActionMask = 2147483647;
			files = (
			);
			runOnlyForDeploymentPostprocessing = 0;
		};
		F93A744B2281828500003D92 /* Frameworks */ = {
			isa = PBXFrameworksBuildPhase;
			buildActionMask = 2147483647;
			files = (
			);
			runOnlyForDeploymentPostprocessing = 0;
		};
		F93A74562281828500003D92 /* Frameworks */ = {
			isa = PBXFrameworksBuildPhase;
			buildActionMask = 2147483647;
			files = (
			);
			runOnlyForDeploymentPostprocessing = 0;
		};
/* End PBXFrameworksBuildPhase section */

/* Begin PBXGroup section */
		F93A74312281827C00003D92 = {
			isa = PBXGroup;
			children = (
				F93A743C2281827C00003D92 /* MovieCatalog */,
				F93A74512281828500003D92 /* MovieCatalogTests */,
				F93A745C2281828500003D92 /* MovieCatalogUITests */,
				F93A743B2281827C00003D92 /* Products */,
			);
			sourceTree = "<group>";
		};
		F93A743B2281827C00003D92 /* Products */ = {
			isa = PBXGroup;
			children = (
				F93A743A2281827C00003D92 /* MovieCatalog.app */,
				F93A744E2281828500003D92 /* MovieCatalogTests.xctest */,
				F93A74592281828500003D92 /* MovieCatalogUITests.xctest */,
			);
			name = Products;
			sourceTree = "<group>";
		};
		F93A743C2281827C00003D92 /* MovieCatalog */ = {
			isa = PBXGroup;
			children = (
				F93A746B228183C300003D92 /* Support */,
				F93A746F228183C300003D92 /* Utility */,
				F93A7473228183C300003D92 /* ViewControllers */,
				F93A7476228183C300003D92 /* views */,
			);
			path = MovieCatalog;
			sourceTree = "<group>";
		};
		F93A74512281828500003D92 /* MovieCatalogTests */ = {
			isa = PBXGroup;
			children = (
				F93A74522281828500003D92 /* MovieCatalogTests.swift */,
				F93A74542281828500003D92 /* Info.plist */,
			);
			path = MovieCatalogTests;
			sourceTree = "<group>";
		};
		F93A745C2281828500003D92 /* MovieCatalogUITests */ = {
			isa = PBXGroup;
			children = (
				F93A745D2281828500003D92 /* MovieCatalogUITests.swift */,
				F93A745F2281828500003D92 /* Info.plist */,
			);
			path = MovieCatalogUITests;
			sourceTree = "<group>";
		};
		F93A746B228183C300003D92 /* Support */ = {
			isa = PBXGroup;
			children = (
				F93A746C228183C300003D92 /* Assets.xcassets */,
				F93A746D228183C300003D92 /* AppDelegate.swift */,
				F93A746E228183C300003D92 /* Info.plist */,
			);
			path = Support;
			sourceTree = "<group>";
		};
		F93A746F228183C300003D92 /* Utility */ = {
			isa = PBXGroup;
			children = (
				F93A7470228183C300003D92 /* WebServiceManager.swift */,
				F93A7471228183C300003D92 /* UIImageView+loadImageUsingUrl.swift */,
				F93A7472228183C300003D92 /* String+HTMLStringConversion.swift */,
			);
			path = Utility;
			sourceTree = "<group>";
		};
		F93A7473228183C300003D92 /* ViewControllers */ = {
			isa = PBXGroup;
			children = (
				F93A7474228183C300003D92 /* ViewController.swift */,
				F93A7475228183C300003D92 /* MovieCatalogViewController.swift */,
			);
			path = ViewControllers;
			sourceTree = "<group>";
		};
		F93A7476228183C300003D92 /* views */ = {
			isa = PBXGroup;
			children = (
				F93A7477228183C300003D92 /* MovieCatalogTableViewCell.swift */,
				F93A7478228183C300003D92 /* MovieCatalogTableViewCell.xib */,
				F93A7479228183C300003D92 /* LaunchScreen.storyboard */,
				F93A747B228183C300003D92 /* Main.storyboard */,
			);
			path = views;
			sourceTree = "<group>";
		};
/* End PBXGroup section */

/* Begin PBXNativeTarget section */
		F93A74392281827C00003D92 /* MovieCatalog */ = {
			isa = PBXNativeTarget;
			buildConfigurationList = F93A74622281828500003D92 /* Build configuration list for PBXNativeTarget "MovieCatalog" */;
			buildPhases = (
				F93A74362281827C00003D92 /* Sources */,
				F93A74372281827C00003D92 /* Frameworks */,
				F93A74382281827C00003D92 /* Resources */,
			);
			buildRules = (
			);
			dependencies = (
			);
			name = MovieCatalog;
			productName = MovieCatalog;
			productReference = F93A743A2281827C00003D92 /* MovieCatalog.app */;
			productType = "com.apple.product-type.application";
		};
		F93A744D2281828500003D92 /* MovieCatalogTests */ = {
			isa = PBXNativeTarget;
			buildConfigurationList = F93A74652281828500003D92 /* Build configuration list for PBXNativeTarget "MovieCatalogTests" */;
			buildPhases = (
				F93A744A2281828500003D92 /* Sources */,
				F93A744B2281828500003D92 /* Frameworks */,
				F93A744C2281828500003D92 /* Resources */,
			);
			buildRules = (
			);
			dependencies = (
				F93A74502281828500003D92 /* PBXTargetDependency */,
			);
			name = MovieCatalogTests;
			productName = MovieCatalogTests;
			productReference = F93A744E2281828500003D92 /* MovieCatalogTests.xctest */;
			productType = "com.apple.product-type.bundle.unit-test";
		};
		F93A74582281828500003D92 /* MovieCatalogUITests */ = {
			isa = PBXNativeTarget;
			buildConfigurationList = F93A74682281828500003D92 /* Build configuration list for PBXNativeTarget "MovieCatalogUITests" */;
			buildPhases = (
				F93A74552281828500003D92 /* Sources */,
				F93A74562281828500003D92 /* Frameworks */,
				F93A74572281828500003D92 /* Resources */,
			);
			buildRules = (
			);
			dependencies = (
				F93A745B2281828500003D92 /* PBXTargetDependency */,
			);
			name = MovieCatalogUITests;
			productName = MovieCatalogUITests;
			productReference = F93A74592281828500003D92 /* MovieCatalogUITests.xctest */;
			productType = "com.apple.product-type.bundle.ui-testing";
		};
/* End PBXNativeTarget section */

/* Begin PBXProject section */
		F93A74322281827C00003D92 /* Project object */ = {
			isa = PBXProject;
			attributes = {
				LastSwiftUpdateCheck = 1020;
				LastUpgradeCheck = 1020;
				ORGANIZATIONNAME = "Prajakta Kulkarni";
				TargetAttributes = {
					F93A74392281827C00003D92 = {
						CreatedOnToolsVersion = 10.2.1;
					};
					F93A744D2281828500003D92 = {
						CreatedOnToolsVersion = 10.2.1;
						TestTargetID = F93A74392281827C00003D92;
					};
					F93A74582281828500003D92 = {
						CreatedOnToolsVersion = 10.2.1;
						TestTargetID = F93A74392281827C00003D92;
					};
				};
			};
			buildConfigurationList = F93A74352281827C00003D92 /* Build configuration list for PBXProject "MovieCatalog" */;
			compatibilityVersion = "Xcode 9.3";
			developmentRegion = en;
			hasScannedForEncodings = 0;
			knownRegions = (
				en,
				Base,
			);
			mainGroup = F93A74312281827C00003D92;
			productRefGroup = F93A743B2281827C00003D92 /* Products */;
			projectDirPath = "";
			projectRoot = "";
			targets = (
				F93A74392281827C00003D92 /* MovieCatalog */,
				F93A744D2281828500003D92 /* MovieCatalogTests */,
				F93A74582281828500003D92 /* MovieCatalogUITests */,
			);
		};
/* End PBXProject section */

/* Begin PBXResourcesBuildPhase section */
		F93A74382281827C00003D92 /* Resources */ = {
			isa = PBXResourcesBuildPhase;
			buildActionMask = 2147483647;
			files = (
				F93A7486228183C300003D92 /* MovieCatalogTableViewCell.xib in Resources */,
				F93A7488228183C300003D92 /* Main.storyboard in Resources */,
				F93A747D228183C300003D92 /* Assets.xcassets in Resources */,
				F93A7487228183C300003D92 /* LaunchScreen.storyboard in Resources */,
				F93A747F228183C300003D92 /* Info.plist in Resources */,
			);
			runOnlyForDeploymentPostprocessing = 0;
		};
		F93A744C2281828500003D92 /* Resources */ = {
			isa = PBXResourcesBuildPhase;
			buildActionMask = 2147483647;
			files = (
			);
			runOnlyForDeploymentPostprocessing = 0;
		};
		F93A74572281828500003D92 /* Resources */ = {
			isa = PBXResourcesBuildPhase;
			buildActionMask = 2147483647;
			files = (
			);
			runOnlyForDeploymentPostprocessing = 0;
		};
/* End PBXResourcesBuildPhase section */

/* Begin PBXSourcesBuildPhase section */
		F93A74362281827C00003D92 /* Sources */ = {
			isa = PBXSourcesBuildPhase;
			buildActionMask = 2147483647;
			files = (
				F93A7482228183C300003D92 /* String+HTMLStringConversion.swift in Sources */,
				F93A7480228183C300003D92 /* WebServiceManager.swift in Sources */,
				F93A7485228183C300003D92 /* MovieCatalogTableViewCell.swift in Sources */,
				F93A7484228183C300003D92 /* MovieCatalogViewController.swift in Sources */,
				F93A7481228183C300003D92 /* UIImageView+loadImageUsingUrl.swift in Sources */,
				F93A747E228183C300003D92 /* AppDelegate.swift in Sources */,
				F93A7483228183C300003D92 /* ViewController.swift in Sources */,
			);
			runOnlyForDeploymentPostprocessing = 0;
		};
		F93A744A2281828500003D92 /* Sources */ = {
			isa = PBXSourcesBuildPhase;
			buildActionMask = 2147483647;
			files = (
				F93A74532281828500003D92 /* MovieCatalogTests.swift in Sources */,
			);
			runOnlyForDeploymentPostprocessing = 0;
		};
		F93A74552281828500003D92 /* Sources */ = {
			isa = PBXSourcesBuildPhase;
			buildActionMask = 2147483647;
			files = (
				F93A745E2281828500003D92 /* MovieCatalogUITests.swift in Sources */,
			);
			runOnlyForDeploymentPostprocessing = 0;
		};
/* End PBXSourcesBuildPhase section */

/* Begin PBXTargetDependency section */
		F93A74502281828500003D92 /* PBXTargetDependency */ = {
			isa = PBXTargetDependency;
			target = F93A74392281827C00003D92 /* MovieCatalog */;
			targetProxy = F93A744F2281828500003D92 /* PBXContainerItemProxy */;
		};
		F93A745B2281828500003D92 /* PBXTargetDependency */ = {
			isa = PBXTargetDependency;
			target = F93A74392281827C00003D92 /* MovieCatalog */;
			targetProxy = F93A745A2281828500003D92 /* PBXContainerItemProxy */;
		};
/* End PBXTargetDependency section */

/* Begin PBXVariantGroup section */
		F93A7479228183C300003D92 /* LaunchScreen.storyboard */ = {
			isa = PBXVariantGroup;
			children = (
				F93A747A228183C300003D92 /* Base */,
			);
			name = LaunchScreen.storyboard;
			sourceTree = "<group>";
		};
		F93A747B228183C300003D92 /* Main.storyboard */ = {
			isa = PBXVariantGroup;
			children = (
				F93A747C228183C300003D92 /* Base */,
			);
			name = Main.storyboard;
			sourceTree = "<group>";
		};
/* End PBXVariantGroup section */

/* Begin XCBuildConfiguration section */
		F93A74602281828500003D92 /* Debug */ = {
			isa = XCBuildConfiguration;
			buildSettings = {
				ALWAYS_SEARCH_USER_PATHS = NO;
				CLANG_ANALYZER_NONNULL = YES;
				CLANG_ANALYZER_NUMBER_OBJECT_CONVERSION = YES_AGGRESSIVE;
				CLANG_CXX_LANGUAGE_STANDARD = "gnu++14";
				CLANG_CXX_LIBRARY = "libc++";
				CLANG_ENABLE_MODULES = YES;
				CLANG_ENABLE_OBJC_ARC = YES;
				CLANG_ENABLE_OBJC_WEAK = YES;
				CLANG_WARN_BLOCK_CAPTURE_AUTORELEASING = YES;
				CLANG_WARN_BOOL_CONVERSION = YES;
				CLANG_WARN_COMMA = YES;
				CLANG_WARN_CONSTANT_CONVERSION = YES;
				CLANG_WARN_DEPRECATED_OBJC_IMPLEMENTATIONS = YES;
				CLANG_WARN_DIRECT_OBJC_ISA_USAGE = YES_ERROR;
				CLANG_WARN_DOCUMENTATION_COMMENTS = YES;
				CLANG_WARN_EMPTY_BODY = YES;
				CLANG_WARN_ENUM_CONVERSION = YES;
				CLANG_WARN_INFINITE_RECURSION = YES;
				CLANG_WARN_INT_CONVERSION = YES;
				CLANG_WARN_NON_LITERAL_NULL_CONVERSION = YES;
				CLANG_WARN_OBJC_IMPLICIT_RETAIN_SELF = YES;
				CLANG_WARN_OBJC_LITERAL_CONVERSION = YES;
				CLANG_WARN_OBJC_ROOT_CLASS = YES_ERROR;
				CLANG_WARN_RANGE_LOOP_ANALYSIS = YES;
				CLANG_WARN_STRICT_PROTOTYPES = YES;
				CLANG_WARN_SUSPICIOUS_MOVE = YES;
				CLANG_WARN_UNGUARDED_AVAILABILITY = YES_AGGRESSIVE;
				CLANG_WARN_UNREACHABLE_CODE = YES;
				CLANG_WARN__DUPLICATE_METHOD_MATCH = YES;
				CODE_SIGN_IDENTITY = "iPhone Developer";
				COPY_PHASE_STRIP = NO;
				DEBUG_INFORMATION_FORMAT = dwarf;
				ENABLE_STRICT_OBJC_MSGSEND = YES;
				ENABLE_TESTABILITY = YES;
				GCC_C_LANGUAGE_STANDARD = gnu11;
				GCC_DYNAMIC_NO_PIC = NO;
				GCC_NO_COMMON_BLOCKS = YES;
				GCC_OPTIMIZATION_LEVEL = 0;
				GCC_PREPROCESSOR_DEFINITIONS = (
					"DEBUG=1",
					"$(inherited)",
				);
				GCC_WARN_64_TO_32_BIT_CONVERSION = YES;
				GCC_WARN_ABOUT_RETURN_TYPE = YES_ERROR;
				GCC_WARN_UNDECLARED_SELECTOR = YES;
				GCC_WARN_UNINITIALIZED_AUTOS = YES_AGGRESSIVE;
				GCC_WARN_UNUSED_FUNCTION = YES;
				GCC_WARN_UNUSED_VARIABLE = YES;
				IPHONEOS_DEPLOYMENT_TARGET = 12.2;
				MTL_ENABLE_DEBUG_INFO = INCLUDE_SOURCE;
				MTL_FAST_MATH = YES;
				ONLY_ACTIVE_ARCH = YES;
				SDKROOT = iphoneos;
				SWIFT_ACTIVE_COMPILATION_CONDITIONS = DEBUG;
				SWIFT_OPTIMIZATION_LEVEL = "-Onone";
			};
			name = Debug;
		};
		F93A74612281828500003D92 /* Release */ = {
			isa = XCBuildConfiguration;
			buildSettings = {
				ALWAYS_SEARCH_USER_PATHS = NO;
				CLANG_ANALYZER_NONNULL = YES;
				CLANG_ANALYZER_NUMBER_OBJECT_CONVERSION = YES_AGGRESSIVE;
				CLANG_CXX_LANGUAGE_STANDARD = "gnu++14";
				CLANG_CXX_LIBRARY = "libc++";
				CLANG_ENABLE_MODULES = YES;
				CLANG_ENABLE_OBJC_ARC = YES;
				CLANG_ENABLE_OBJC_WEAK = YES;
				CLANG_WARN_BLOCK_CAPTURE_AUTORELEASING = YES;
				CLANG_WARN_BOOL_CONVERSION = YES;
				CLANG_WARN_COMMA = YES;
				CLANG_WARN_CONSTANT_CONVERSION = YES;
				CLANG_WARN_DEPRECATED_OBJC_IMPLEMENTATIONS = YES;
				CLANG_WARN_DIRECT_OBJC_ISA_USAGE = YES_ERROR;
				CLANG_WARN_DOCUMENTATION_COMMENTS = YES;
				CLANG_WARN_EMPTY_BODY = YES;
				CLANG_WARN_ENUM_CONVERSION = YES;
				CLANG_WARN_INFINITE_RECURSION = YES;
				CLANG_WARN_INT_CONVERSION = YES;
				CLANG_WARN_NON_LITERAL_NULL_CONVERSION = YES;
				CLANG_WARN_OBJC_IMPLICIT_RETAIN_SELF = YES;
				CLANG_WARN_OBJC_LITERAL_CONVERSION = YES;
				CLANG_WARN_OBJC_ROOT_CLASS = YES_ERROR;
				CLANG_WARN_RANGE_LOOP_ANALYSIS = YES;
				CLANG_WARN_STRICT_PROTOTYPES = YES;
				CLANG_WARN_SUSPICIOUS_MOVE = YES;
				CLANG_WARN_UNGUARDED_AVAILABILITY = YES_AGGRESSIVE;
				CLANG_WARN_UNREACHABLE_CODE = YES;
				CLANG_WARN__DUPLICATE_METHOD_MATCH = YES;
				CODE_SIGN_IDENTITY = "iPhone Developer";
				COPY_PHASE_STRIP = NO;
				DEBUG_INFORMATION_FORMAT = "dwarf-with-dsym";
				ENABLE_NS_ASSERTIONS = NO;
				ENABLE_STRICT_OBJC_MSGSEND = YES;
				GCC_C_LANGUAGE_STANDARD = gnu11;
				GCC_NO_COMMON_BLOCKS = YES;
				GCC_WARN_64_TO_32_BIT_CONVERSION = YES;
				GCC_WARN_ABOUT_RETURN_TYPE = YES_ERROR;
				GCC_WARN_UNDECLARED_SELECTOR = YES;
				GCC_WARN_UNINITIALIZED_AUTOS = YES_AGGRESSIVE;
				GCC_WARN_UNUSED_FUNCTION = YES;
				GCC_WARN_UNUSED_VARIABLE = YES;
				IPHONEOS_DEPLOYMENT_TARGET = 12.2;
				MTL_ENABLE_DEBUG_INFO = NO;
				MTL_FAST_MATH = YES;
				SDKROOT = iphoneos;
				SWIFT_COMPILATION_MODE = wholemodule;
				SWIFT_OPTIMIZATION_LEVEL = "-O";
				VALIDATE_PRODUCT = YES;
			};
			name = Release;
		};
		F93A74632281828500003D92 /* Debug */ = {
			isa = XCBuildConfiguration;
			buildSettings = {
				ASSETCATALOG_COMPILER_APPICON_NAME = AppIcon;
				CODE_SIGN_STYLE = Automatic;
				DEVELOPMENT_TEAM = 6AC44Z6PNA;
				INFOPLIST_FILE = MovieCatalog/Info.plist;
				LD_RUNPATH_SEARCH_PATHS = (
					"$(inherited)",
					"@executable_path/Frameworks",
				);
				PRODUCT_BUNDLE_IDENTIFIER = com.pk.MovieCatalog;
				PRODUCT_NAME = "$(TARGET_NAME)";
				SWIFT_VERSION = 5.0;
				TARGETED_DEVICE_FAMILY = "1,2";
			};
			name = Debug;
		};
		F93A74642281828500003D92 /* Release */ = {
			isa = XCBuildConfiguration;
			buildSettings = {
				ASSETCATALOG_COMPILER_APPICON_NAME = AppIcon;
				CODE_SIGN_STYLE = Automatic;
				DEVELOPMENT_TEAM = 6AC44Z6PNA;
				INFOPLIST_FILE = MovieCatalog/Info.plist;
				LD_RUNPATH_SEARCH_PATHS = (
					"$(inherited)",
					"@executable_path/Frameworks",
				);
				PRODUCT_BUNDLE_IDENTIFIER = com.pk.MovieCatalog;
				PRODUCT_NAME = "$(TARGET_NAME)";
				SWIFT_VERSION = 5.0;
				TARGETED_DEVICE_FAMILY = "1,2";
			};
			name = Release;
		};
		F93A74662281828500003D92 /* Debug */ = {
			isa = XCBuildConfiguration;
			buildSettings = {
				ALWAYS_EMBED_SWIFT_STANDARD_LIBRARIES = YES;
				BUNDLE_LOADER = "$(TEST_HOST)";
				CODE_SIGN_STYLE = Automatic;
				DEVELOPMENT_TEAM = 6AC44Z6PNA;
				INFOPLIST_FILE = MovieCatalogTests/Info.plist;
				LD_RUNPATH_SEARCH_PATHS = (
					"$(inherited)",
					"@executable_path/Frameworks",
					"@loader_path/Frameworks",
				);
				PRODUCT_BUNDLE_IDENTIFIER = com.pk.MovieCatalogTests;
				PRODUCT_NAME = "$(TARGET_NAME)";
				SWIFT_VERSION = 5.0;
				TARGETED_DEVICE_FAMILY = "1,2";
				TEST_HOST = "$(BUILT_PRODUCTS_DIR)/MovieCatalog.app/MovieCatalog";
			};
			name = Debug;
		};
		F93A74672281828500003D92 /* Release */ = {
			isa = XCBuildConfiguration;
			buildSettings = {
				ALWAYS_EMBED_SWIFT_STANDARD_LIBRARIES = YES;
				BUNDLE_LOADER = "$(TEST_HOST)";
				CODE_SIGN_STYLE = Automatic;
				DEVELOPMENT_TEAM = 6AC44Z6PNA;
				INFOPLIST_FILE = MovieCatalogTests/Info.plist;
				LD_RUNPATH_SEARCH_PATHS = (
					"$(inherited)",
					"@executable_path/Frameworks",
					"@loader_path/Frameworks",
				);
				PRODUCT_BUNDLE_IDENTIFIER = com.pk.MovieCatalogTests;
				PRODUCT_NAME = "$(TARGET_NAME)";
				SWIFT_VERSION = 5.0;
				TARGETED_DEVICE_FAMILY = "1,2";
				TEST_HOST = "$(BUILT_PRODUCTS_DIR)/MovieCatalog.app/MovieCatalog";
			};
			name = Release;
		};
		F93A74692281828500003D92 /* Debug */ = {
			isa = XCBuildConfiguration;
			buildSettings = {
				ALWAYS_EMBED_SWIFT_STANDARD_LIBRARIES = YES;
				CODE_SIGN_STYLE = Automatic;
				DEVELOPMENT_TEAM = 6AC44Z6PNA;
				INFOPLIST_FILE = MovieCatalogUITests/Info.plist;
				LD_RUNPATH_SEARCH_PATHS = (
					"$(inherited)",
					"@executable_path/Frameworks",
					"@loader_path/Frameworks",
				);
				PRODUCT_BUNDLE_IDENTIFIER = com.pk.MovieCatalogUITests;
				PRODUCT_NAME = "$(TARGET_NAME)";
				SWIFT_VERSION = 5.0;
				TARGETED_DEVICE_FAMILY = "1,2";
				TEST_TARGET_NAME = MovieCatalog;
			};
			name = Debug;
		};
		F93A746A2281828500003D92 /* Release */ = {
			isa = XCBuildConfiguration;
			buildSettings = {
				ALWAYS_EMBED_SWIFT_STANDARD_LIBRARIES = YES;
				CODE_SIGN_STYLE = Automatic;
				DEVELOPMENT_TEAM = 6AC44Z6PNA;
				INFOPLIST_FILE = MovieCatalogUITests/Info.plist;
				LD_RUNPATH_SEARCH_PATHS = (
					"$(inherited)",
					"@executable_path/Frameworks",
					"@loader_path/Frameworks",
				);
				PRODUCT_BUNDLE_IDENTIFIER = com.pk.MovieCatalogUITests;
				PRODUCT_NAME = "$(TARGET_NAME)";
				SWIFT_VERSION = 5.0;
				TARGETED_DEVICE_FAMILY = "1,2";
				TEST_TARGET_NAME = MovieCatalog;
			};
			name = Release;
		};
/* End XCBuildConfiguration section */

/* Begin XCConfigurationList section */
		F93A74352281827C00003D92 /* Build configuration list for PBXProject "MovieCatalog" */ = {
			isa = XCConfigurationList;
			buildConfigurations = (
				F93A74602281828500003D92 /* Debug */,
				F93A74612281828500003D92 /* Release */,
			);
			defaultConfigurationIsVisible = 0;
			defaultConfigurationName = Release;
		};
		F93A74622281828500003D92 /* Build configuration list for PBXNativeTarget "MovieCatalog" */ = {
			isa = XCConfigurationList;
			buildConfigurations = (
				F93A74632281828500003D92 /* Debug */,
				F93A74642281828500003D92 /* Release */,
			);
			defaultConfigurationIsVisible = 0;
			defaultConfigurationName = Release;
		};
		F93A74652281828500003D92 /* Build configuration list for PBXNativeTarget "MovieCatalogTests" */ = {
			isa = XCConfigurationList;
			buildConfigurations = (
				F93A74662281828500003D92 /* Debug */,
				F93A74672281828500003D92 /* Release */,
			);
			defaultConfigurationIsVisible = 0;
			defaultConfigurationName = Release;
		};
		F93A74682281828500003D92 /* Build configuration list for PBXNativeTarget "MovieCatalogUITests" */ = {
			isa = XCConfigurationList;
			buildConfigurations = (
				F93A74692281828500003D92 /* Debug */,
				F93A746A2281828500003D92 /* Release */,
			);
			defaultConfigurationIsVisible = 0;
			defaultConfigurationName = Release;
		};
/* End XCConfigurationList section */
	};
	rootObject = F93A74322281827C00003D92 /* Project object */;
}
